
Microsoft Visual Studio Solution File, Format Version 12.00
# Visual Studio Version 17
VisualStudioVersion = 17.5.33530.505
MinimumVisualStudioVersion = 10.0.40219.1
Project("{00D1A9C2-B5F0-4AF3-8072-F6C62B433612}") = "Html2String", "Html2String.sqlproj", "{97599785-1DE8-45D5-9711-C2B5C40A119E}"
EndProject
Global
	GlobalSection(SolutionConfigurationPlatforms) = preSolution
		Debug|Any CPU = Debug|Any CPU
		Release|Any CPU = Release|Any CPU
	EndGlobalSection
	GlobalSection(ProjectConfigurationPlatforms) = postSolution
		{97599785-1DE8-45D5-9711-C2B5C40A119E}.Debug|Any CPU.ActiveCfg = Debug|Any CPU
		{97599785-1DE8-45D5-9711-C2B5C40A119E}.Debug|Any CPU.Build.0 = Debug|Any CPU
		{97599785-1DE8-45D5-9711-C2B5C40A119E}.Debug|Any CPU.Deploy.0 = Debug|Any CPU
		{97599785-1DE8-45D5-9711-C2B5C40A119E}.Release|Any CPU.ActiveCfg = Release|Any CPU
		{97599785-1DE8-45D5-9711-C2B5C40A119E}.Release|Any CPU.Build.0 = Release|Any CPU
		{97599785-1DE8-45D5-9711-C2B5C40A119E}.Release|Any CPU.Deploy.0 = Release|Any CPU
	EndGlobalSection
	GlobalSection(SolutionProperties) = preSolution
		HideSolutionNode = FALSE
	EndGlobalSection
	GlobalSection(ExtensibilityGlobals) = postSolution
		SolutionGuid = {C6F9CAA9-EAEB-47D6-9601-34ED3233F006}
	EndGlobalSection
EndGlobal
